
Microsoft Visual Studio Solution File, Format Version 12.00
# Visual Studio 15
VisualStudioVersion = 15.0.25807.0
MinimumVisualStudioVersion = 10.0.40219.1
Project("{2150E333-8FDC-42A3-9474-1A3956D46DE8}") = "Engine", "Engine", "{EDBEC6DB-A964-421A-B460-762B7E38CAA1}"
EndProject
Project("{2150E333-8FDC-42A3-9474-1A3956D46DE8}") = "Games", "Games", "{0E38FA74-9B5A-4365-B9DB-0E7A29C71709}"
EndProject
Project("{8BC9CEB8-8B4A-11D0-8D11-00A0C91BC942}") = "UE4", "Intermediate\ProjectFiles\UE4.vcxproj", "{45B92906-D1C1-44A4-8C6D-DBF0D55C35D7}"
EndProject
Project("{8BC9CEB8-8B4A-11D0-8D11-00A0C91BC942}") = "BuildingEscape", "Intermediate\ProjectFiles\BuildingEscape.vcxproj", "{FC8CC39D-755F-4834-BF0C-F2FEB4864786}"
EndProject
Global
	GlobalSection(SolutionConfigurationPlatforms) = preSolution
		DebugGame Editor|HTML5 = DebugGame Editor|HTML5
		DebugGame Editor|Win32 = DebugGame Editor|Win32
		DebugGame Editor|Win64 = DebugGame Editor|Win64
		DebugGame|HTML5 = DebugGame|HTML5
		DebugGame|Win32 = DebugGame|Win32
		DebugGame|Win64 = DebugGame|Win64
		Development Editor|HTML5 = Development Editor|HTML5
		Development Editor|Win32 = Development Editor|Win32
		Development Editor|Win64 = Development Editor|Win64
		Development|HTML5 = Development|HTML5
		Development|Win32 = Development|Win32
		Development|Win64 = Development|Win64
		Shipping|HTML5 = Shipping|HTML5
		Shipping|Win32 = Shipping|Win32
		Shipping|Win64 = Shipping|Win64
	EndGlobalSection
	GlobalSection(ProjectConfigurationPlatforms) = postSolution
		{45B92906-D1C1-44A4-8C6D-DBF0D55C35D7}.DebugGame Editor|HTML5.ActiveCfg = BuiltWithUnrealBuildTool|Win32
		{45B92906-D1C1-44A4-8C6D-DBF0D55C35D7}.DebugGame Editor|HTML5.Build.0 = BuiltWithUnrealBuildTool|Win32
		{45B92906-D1C1-44A4-8C6D-DBF0D55C35D7}.DebugGame Editor|Win32.ActiveCfg = BuiltWithUnrealBuildTool|Win32
		{45B92906-D1C1-44A4-8C6D-DBF0D55C35D7}.DebugGame Editor|Win32.Build.0 = BuiltWithUnrealBuildTool|Win32
		{45B92906-D1C1-44A4-8C6D-DBF0D55C35D7}.DebugGame Editor|Win64.ActiveCfg = BuiltWithUnrealBuildTool|Win32
		{45B92906-D1C1-44A4-8C6D-DBF0D55C35D7}.DebugGame Editor|Win64.Build.0 = BuiltWithUnrealBuildTool|Win32
		{45B92906-D1C1-44A4-8C6D-DBF0D55C35D7}.DebugGame|HTML5.ActiveCfg = BuiltWithUnrealBuildTool|Win32
		{45B92906-D1C1-44A4-8C6D-DBF0D55C35D7}.DebugGame|HTML5.Build.0 = BuiltWithUnrealBuildTool|Win32
		{45B92906-D1C1-44A4-8C6D-DBF0D55C35D7}.DebugGame|Win32.ActiveCfg = BuiltWithUnrealBuildTool|Win32
		{45B92906-D1C1-44A4-8C6D-DBF0D55C35D7}.DebugGame|Win32.Build.0 = BuiltWithUnrealBuildTool|Win32
		{45B92906-D1C1-44A4-8C6D-DBF0D55C35D7}.DebugGame|Win64.ActiveCfg = BuiltWithUnrealBuildTool|Win32
		{45B92906-D1C1-44A4-8C6D-DBF0D55C35D7}.DebugGame|Win64.Build.0 = BuiltWithUnrealBuildTool|Win32
		{45B92906-D1C1-44A4-8C6D-DBF0D55C35D7}.Development Editor|HTML5.ActiveCfg = BuiltWithUnrealBuildTool|Win32
		{45B92906-D1C1-44A4-8C6D-DBF0D55C35D7}.Development Editor|HTML5.Build.0 = BuiltWithUnrealBuildTool|Win32
		{45B92906-D1C1-44A4-8C6D-DBF0D55C35D7}.Development Editor|Win32.ActiveCfg = BuiltWithUnrealBuildTool|Win32
		{45B92906-D1C1-44A4-8C6D-DBF0D55C35D7}.Development Editor|Win32.Build.0 = BuiltWithUnrealBuildTool|Win32
		{45B92906-D1C1-44A4-8C6D-DBF0D55C35D7}.Development Editor|Win64.ActiveCfg = BuiltWithUnrealBuildTool|Win32
		{45B92906-D1C1-44A4-8C6D-DBF0D55C35D7}.Development Editor|Win64.Build.0 = BuiltWithUnrealBuildTool|Win32
		{45B92906-D1C1-44A4-8C6D-DBF0D55C35D7}.Development|HTML5.ActiveCfg = BuiltWithUnrealBuildTool|Win32
		{45B92906-D1C1-44A4-8C6D-DBF0D55C35D7}.Development|HTML5.Build.0 = BuiltWithUnrealBuildTool|Win32
		{45B92906-D1C1-44A4-8C6D-DBF0D55C35D7}.Development|Win32.ActiveCfg = BuiltWithUnrealBuildTool|Win32
		{45B92906-D1C1-44A4-8C6D-DBF0D55C35D7}.Development|Win32.Build.0 = BuiltWithUnrealBuildTool|Win32
		{45B92906-D1C1-44A4-8C6D-DBF0D55C35D7}.Development|Win64.ActiveCfg = BuiltWithUnrealBuildTool|Win32
		{45B92906-D1C1-44A4-8C6D-DBF0D55C35D7}.Development|Win64.Build.0 = BuiltWithUnrealBuildTool|Win32
		{45B92906-D1C1-44A4-8C6D-DBF0D55C35D7}.Shipping|HTML5.ActiveCfg = BuiltWithUnrealBuildTool|Win32
		{45B92906-D1C1-44A4-8C6D-DBF0D55C35D7}.Shipping|HTML5.Build.0 = BuiltWithUnrealBuildTool|Win32
		{45B92906-D1C1-44A4-8C6D-DBF0D55C35D7}.Shipping|Win32.ActiveCfg = BuiltWithUnrealBuildTool|Win32
		{45B92906-D1C1-44A4-8C6D-DBF0D55C35D7}.Shipping|Win32.Build.0 = BuiltWithUnrealBuildTool|Win32
		{45B92906-D1C1-44A4-8C6D-DBF0D55C35D7}.Shipping|Win64.ActiveCfg = BuiltWithUnrealBuildTool|Win32
		{45B92906-D1C1-44A4-8C6D-DBF0D55C35D7}.Shipping|Win64.Build.0 = BuiltWithUnrealBuildTool|Win32
		{FC8CC39D-755F-4834-BF0C-F2FEB4864786}.DebugGame Editor|HTML5.ActiveCfg = HTML5_DebugGame_Editor|Win32
		{FC8CC39D-755F-4834-BF0C-F2FEB4864786}.DebugGame Editor|Win32.ActiveCfg = DebugGame_Editor|Win32
		{FC8CC39D-755F-4834-BF0C-F2FEB4864786}.DebugGame Editor|Win64.ActiveCfg = DebugGame_Editor|x64
		{FC8CC39D-755F-4834-BF0C-F2FEB4864786}.DebugGame Editor|Win64.Build.0 = DebugGame_Editor|x64
		{FC8CC39D-755F-4834-BF0C-F2FEB4864786}.DebugGame|HTML5.ActiveCfg = HTML5_DebugGame_Game|Win32
		{FC8CC39D-755F-4834-BF0C-F2FEB4864786}.DebugGame|HTML5.Build.0 = HTML5_DebugGame_Game|Win32
		{FC8CC39D-755F-4834-BF0C-F2FEB4864786}.DebugGame|Win32.ActiveCfg = DebugGame_Game|Win32
		{FC8CC39D-755F-4834-BF0C-F2FEB4864786}.DebugGame|Win32.Build.0 = DebugGame_Game|Win32
		{FC8CC39D-755F-4834-BF0C-F2FEB4864786}.DebugGame|Win64.ActiveCfg = DebugGame_Game|x64
		{FC8CC39D-755F-4834-BF0C-F2FEB4864786}.DebugGame|Win64.Build.0 = DebugGame_Game|x64
		{FC8CC39D-755F-4834-BF0C-F2FEB4864786}.Development Editor|HTML5.ActiveCfg = HTML5_Development_Editor|Win32
		{FC8CC39D-755F-4834-BF0C-F2FEB4864786}.Development Editor|Win32.ActiveCfg = Development_Editor|Win32
		{FC8CC39D-755F-4834-BF0C-F2FEB4864786}.Development Editor|Win64.ActiveCfg = Development_Editor|x64
		{FC8CC39D-755F-4834-BF0C-F2FEB4864786}.Development Editor|Win64.Build.0 = Development_Editor|x64
		{FC8CC39D-755F-4834-BF0C-F2FEB4864786}.Development|HTML5.ActiveCfg = HTML5_Development_Game|Win32
		{FC8CC39D-755F-4834-BF0C-F2FEB4864786}.Development|HTML5.Build.0 = HTML5_Development_Game|Win32
		{FC8CC39D-755F-4834-BF0C-F2FEB4864786}.Development|Win32.ActiveCfg = Development_Game|Win32
		{FC8CC39D-755F-4834-BF0C-F2FEB4864786}.Development|Win32.Build.0 = Development_Game|Win32
		{FC8CC39D-755F-4834-BF0C-F2FEB4864786}.Development|Win64.ActiveCfg = Development_Game|x64
		{FC8CC39D-755F-4834-BF0C-F2FEB4864786}.Development|Win64.Build.0 = Development_Game|x64
		{FC8CC39D-755F-4834-BF0C-F2FEB4864786}.Shipping|HTML5.ActiveCfg = HTML5_Shipping_Game|Win32
		{FC8CC39D-755F-4834-BF0C-F2FEB4864786}.Shipping|HTML5.Build.0 = HTML5_Shipping_Game|Win32
		{FC8CC39D-755F-4834-BF0C-F2FEB4864786}.Shipping|Win32.ActiveCfg = Shipping_Game|Win32
		{FC8CC39D-755F-4834-BF0C-F2FEB4864786}.Shipping|Win32.Build.0 = Shipping_Game|Win32
		{FC8CC39D-755F-4834-BF0C-F2FEB4864786}.Shipping|Win64.ActiveCfg = Shipping_Game|x64
		{FC8CC39D-755F-4834-BF0C-F2FEB4864786}.Shipping|Win64.Build.0 = Shipping_Game|x64
	EndGlobalSection
	GlobalSection(SolutionProperties) = preSolution
		HideSolutionNode = FALSE
	EndGlobalSection
	GlobalSection(NestedProjects) = preSolution
		{45B92906-D1C1-44A4-8C6D-DBF0D55C35D7} = {EDBEC6DB-A964-421A-B460-762B7E38CAA1}
		{FC8CC39D-755F-4834-BF0C-F2FEB4864786} = {0E38FA74-9B5A-4365-B9DB-0E7A29C71709}
	EndGlobalSection
	GlobalSection(ExtensibilityGlobals) = postSolution
		SolutionGuid = {5F38B1B9-0E5F-4680-B455-242308E01444}
	EndGlobalSection
EndGlobal
